// !$*UTF8*$!
{
	archiveVersion = 1;
	classes = {};
	objectVersion = 77;
	objects = {

/* Begin PBXBuildFile section */
		A10000000000000000000001 /* OrbitVoiceBackgroundProbeApp.swift in Sources */ = {isa = PBXBuildFile; fileRef = A20000000000000000000001 /* OrbitVoiceBackgroundProbeApp.swift */; };
		A10000000000000000000002 /* BackgroundProbeRecorder.swift in Sources */ = {isa = PBXBuildFile; fileRef = A20000000000000000000002 /* BackgroundProbeRecorder.swift */; };
		A10000000000000000000003 /* ProbeIntents.swift in Sources */ = {isa = PBXBuildFile; fileRef = A20000000000000000000003 /* ProbeIntents.swift */; };
		A10000000000000000000004 /* ProbeShared.swift in Sources */ = {isa = PBXBuildFile; fileRef = A20000000000000000000004 /* ProbeShared.swift */; };
		A10000000000000000000005 /* OrbitVoiceBackgroundProbeWidget.swift in Sources */ = {isa = PBXBuildFile; fileRef = A20000000000000000000006 /* OrbitVoiceBackgroundProbeWidget.swift */; };
		A10000000000000000000006 /* ProbeShared.swift in Sources */ = {isa = PBXBuildFile; fileRef = A20000000000000000000004 /* ProbeShared.swift */; };
		A10000000000000000000007 /* OrbitVoiceBackgroundProbeWidget.appex in Embed App Extensions */ = {isa = PBXBuildFile; fileRef = A20000000000000000000008 /* OrbitVoiceBackgroundProbeWidget.appex */; settings = {ATTRIBUTES = (CodeSignOnCopy, RemoveHeadersOnCopy, ); }; };
		A10000000000000000000008 /* InstalledExtensionAudit.swift in Sources */ = {isa = PBXBuildFile; fileRef = A20000000000000000000010 /* InstalledExtensionAudit.swift */; };
/* End PBXBuildFile section */

/* Begin PBXContainerItemProxy section */
		A40000000000000000000001 = {isa = PBXContainerItemProxy; containerPortal = A90000000000000000000001 /* Project object */; proxyType = 1; remoteGlobalIDString = A50000000000000000000002; remoteInfo = OrbitVoiceBackgroundProbeWidget; };
/* End PBXContainerItemProxy section */

/* Begin PBXCopyFilesBuildPhase section */
		A30000000000000000000004 /* Embed App Extensions */ = {isa = PBXCopyFilesBuildPhase; buildActionMask = 2147483647; dstPath = ""; dstSubfolderSpec = 13; files = (A10000000000000000000007 /* OrbitVoiceBackgroundProbeWidget.appex in Embed App Extensions */, ); runOnlyForDeploymentPostprocessing = 0; };
/* End PBXCopyFilesBuildPhase section */

/* Begin PBXFileReference section */
		A20000000000000000000001 /* OrbitVoiceBackgroundProbeApp.swift */ = {isa = PBXFileReference; lastKnownFileType = sourcecode.swift; path = OrbitVoiceBackgroundProbeApp.swift; sourceTree = "<group>"; };
		A20000000000000000000002 /* BackgroundProbeRecorder.swift */ = {isa = PBXFileReference; lastKnownFileType = sourcecode.swift; path = BackgroundProbeRecorder.swift; sourceTree = "<group>"; };
		A20000000000000000000003 /* ProbeIntents.swift */ = {isa = PBXFileReference; lastKnownFileType = sourcecode.swift; path = ProbeIntents.swift; sourceTree = "<group>"; };
		A20000000000000000000004 /* ProbeShared.swift */ = {isa = PBXFileReference; lastKnownFileType = sourcecode.swift; path = ProbeShared.swift; sourceTree = "<group>"; };
		A20000000000000000000005 /* Info.plist */ = {isa = PBXFileReference; lastKnownFileType = text.plist.xml; path = Info.plist; sourceTree = "<group>"; };
		A20000000000000000000006 /* OrbitVoiceBackgroundProbeWidget.swift */ = {isa = PBXFileReference; lastKnownFileType = sourcecode.swift; path = OrbitVoiceBackgroundProbeWidget.swift; sourceTree = "<group>"; };
		A20000000000000000000007 /* Info.plist */ = {isa = PBXFileReference; lastKnownFileType = text.plist.xml; path = Info.plist; sourceTree = "<group>"; };
		A20000000000000000000008 /* OrbitVoiceBackgroundProbeWidget.appex */ = {isa = PBXFileReference; explicitFileType = wrapper.app-extension; includeInIndex = 0; path = OrbitVoiceBackgroundProbeWidget.appex; sourceTree = BUILT_PRODUCTS_DIR; };
		A20000000000000000000009 /* OrbitVoiceBackgroundProbe.app */ = {isa = PBXFileReference; explicitFileType = wrapper.application; includeInIndex = 0; path = OrbitVoiceBackgroundProbe.app; sourceTree = BUILT_PRODUCTS_DIR; };
		A20000000000000000000010 /* InstalledExtensionAudit.swift */ = {isa = PBXFileReference; lastKnownFileType = sourcecode.swift; path = InstalledExtensionAudit.swift; sourceTree = "<group>"; };
/* End PBXFileReference section */

/* Begin PBXFrameworksBuildPhase section */
		A30000000000000000000001 /* Frameworks */ = {isa = PBXFrameworksBuildPhase; buildActionMask = 2147483647; files = (); runOnlyForDeploymentPostprocessing = 0; };
		A30000000000000000000005 /* Frameworks */ = {isa = PBXFrameworksBuildPhase; buildActionMask = 2147483647; files = (); runOnlyForDeploymentPostprocessing = 0; };
/* End PBXFrameworksBuildPhase section */

/* Begin PBXGroup section */
		A70000000000000000000001 = {isa = PBXGroup; children = (A70000000000000000000002 /* OrbitVoiceBackgroundProbe */, A70000000000000000000003 /* OrbitVoiceBackgroundProbeWidget */, A70000000000000000000004 /* Products */, ); sourceTree = "<group>"; };
		A70000000000000000000002 /* OrbitVoiceBackgroundProbe */ = {isa = PBXGroup; children = (A20000000000000000000001, A20000000000000000000002, A20000000000000000000003, A20000000000000000000004, A20000000000000000000010, A20000000000000000000005, ); path = OrbitVoiceBackgroundProbe; sourceTree = "<group>"; };
		A70000000000000000000003 /* OrbitVoiceBackgroundProbeWidget */ = {isa = PBXGroup; children = (A20000000000000000000006, A20000000000000000000007, ); path = OrbitVoiceBackgroundProbeWidget; sourceTree = "<group>"; };
		A70000000000000000000004 /* Products */ = {isa = PBXGroup; children = (A20000000000000000000009, A20000000000000000000008, ); name = Products; sourceTree = "<group>"; };
/* End PBXGroup section */

/* Begin PBXNativeTarget section */
		A50000000000000000000001 /* OrbitVoiceBackgroundProbe */ = {isa = PBXNativeTarget; buildConfigurationList = A60000000000000000000001; buildPhases = (A30000000000000000000001, A30000000000000000000002, A30000000000000000000003, A30000000000000000000004, ); buildRules = (); dependencies = (A50000000000000000000003, ); name = OrbitVoiceBackgroundProbe; productName = OrbitVoiceBackgroundProbe; productReference = A20000000000000000000009; productType = "com.apple.product-type.application"; };
		A50000000000000000000002 /* OrbitVoiceBackgroundProbeWidget */ = {isa = PBXNativeTarget; buildConfigurationList = A60000000000000000000002; buildPhases = (A30000000000000000000005, A30000000000000000000006, A30000000000000000000007, ); buildRules = (); dependencies = (); name = OrbitVoiceBackgroundProbeWidget; productName = OrbitVoiceBackgroundProbeWidget; productReference = A20000000000000000000008; productType = "com.apple.product-type.app-extension"; };
/* End PBXNativeTarget section */

/* Begin PBXProject section */
		A90000000000000000000001 /* Project object */ = {isa = PBXProject; attributes = { BuildIndependentTargetsInParallel = 1; LastUpgradeCheck = 2600; TargetAttributes = { A50000000000000000000001 = {CreatedOnToolsVersion = 26.0;}; A50000000000000000000002 = {CreatedOnToolsVersion = 26.0;}; }; }; buildConfigurationList = A60000000000000000000003; compatibilityVersion = "Xcode 16.0"; developmentRegion = en; hasScannedForEncodings = 0; knownRegions = (en, Base, ); mainGroup = A70000000000000000000001; productRefGroup = A70000000000000000000004; projectDirPath = ""; projectRoot = ""; targets = (A50000000000000000000001, A50000000000000000000002, ); };
/* End PBXProject section */

/* Begin PBXSourcesBuildPhase section */
		A30000000000000000000002 /* Sources */ = {isa = PBXSourcesBuildPhase; buildActionMask = 2147483647; files = (A10000000000000000000001, A10000000000000000000002, A10000000000000000000003, A10000000000000000000004, A10000000000000000000008, ); runOnlyForDeploymentPostprocessing = 0; };
		A30000000000000000000006 /* Sources */ = {isa = PBXSourcesBuildPhase; buildActionMask = 2147483647; files = (A10000000000000000000005, A10000000000000000000006, ); runOnlyForDeploymentPostprocessing = 0; };
/* End PBXSourcesBuildPhase section */

/* Begin PBXResourcesBuildPhase section */
		A30000000000000000000003 /* Resources */ = {isa = PBXResourcesBuildPhase; buildActionMask = 2147483647; files = (); runOnlyForDeploymentPostprocessing = 0; };
		A30000000000000000000007 /* Resources */ = {isa = PBXResourcesBuildPhase; buildActionMask = 2147483647; files = (); runOnlyForDeploymentPostprocessing = 0; };
/* End PBXResourcesBuildPhase section */

/* Begin PBXTargetDependency section */
		A50000000000000000000003 = {isa = PBXTargetDependency; target = A50000000000000000000002; targetProxy = A40000000000000000000001; };
/* End PBXTargetDependency section */

/* Begin XCBuildConfiguration section */
		A80000000000000000000001 = {isa = XCBuildConfiguration; buildSettings = { CODE_SIGNING_ALLOWED = NO; CODE_SIGNING_REQUIRED = NO; DEVELOPMENT_TEAM = ""; GENERATE_INFOPLIST_FILE = NO; INFOPLIST_FILE = OrbitVoiceBackgroundProbe/Info.plist; IPHONEOS_DEPLOYMENT_TARGET = 26.0; PRODUCT_BUNDLE_IDENTIFIER = net.opik.orbit.voice.backgroundprobe; PRODUCT_NAME = OrbitVoiceBackgroundProbe; SDKROOT = iphoneos; SWIFT_VERSION = 5.0; TARGETED_DEVICE_FAMILY = "1"; }; name = Debug; };
		A80000000000000000000002 = {isa = XCBuildConfiguration; buildSettings = { CODE_SIGNING_ALLOWED = NO; CODE_SIGNING_REQUIRED = NO; DEVELOPMENT_TEAM = ""; GENERATE_INFOPLIST_FILE = NO; INFOPLIST_FILE = OrbitVoiceBackgroundProbe/Info.plist; IPHONEOS_DEPLOYMENT_TARGET = 26.0; PRODUCT_BUNDLE_IDENTIFIER = net.opik.orbit.voice.backgroundprobe; PRODUCT_NAME = OrbitVoiceBackgroundProbe; SDKROOT = iphoneos; SWIFT_VERSION = 5.0; TARGETED_DEVICE_FAMILY = "1"; }; name = Release; };
		A80000000000000000000003 = {isa = XCBuildConfiguration; buildSettings = { APPLICATION_EXTENSION_API_ONLY = YES; CODE_SIGNING_ALLOWED = NO; CODE_SIGNING_REQUIRED = NO; DEVELOPMENT_TEAM = ""; GENERATE_INFOPLIST_FILE = NO; INFOPLIST_FILE = OrbitVoiceBackgroundProbeWidget/Info.plist; IPHONEOS_DEPLOYMENT_TARGET = 26.0; PRODUCT_BUNDLE_IDENTIFIER = net.opik.orbit.voice.backgroundprobe.widget; PRODUCT_NAME = OrbitVoiceBackgroundProbeWidget; SDKROOT = iphoneos; SKIP_INSTALL = YES; SWIFT_VERSION = 5.0; TARGETED_DEVICE_FAMILY = "1"; }; name = Debug; };
		A80000000000000000000004 = {isa = XCBuildConfiguration; buildSettings = { APPLICATION_EXTENSION_API_ONLY = YES; CODE_SIGNING_ALLOWED = NO; CODE_SIGNING_REQUIRED = NO; DEVELOPMENT_TEAM = ""; GENERATE_INFOPLIST_FILE = NO; INFOPLIST_FILE = OrbitVoiceBackgroundProbeWidget/Info.plist; IPHONEOS_DEPLOYMENT_TARGET = 26.0; PRODUCT_BUNDLE_IDENTIFIER = net.opik.orbit.voice.backgroundprobe.widget; PRODUCT_NAME = OrbitVoiceBackgroundProbeWidget; SDKROOT = iphoneos; SKIP_INSTALL = YES; SWIFT_VERSION = 5.0; TARGETED_DEVICE_FAMILY = "1"; }; name = Release; };
		A80000000000000000000005 = {isa = XCBuildConfiguration; buildSettings = { CLANG_ENABLE_MODULES = YES; IPHONEOS_DEPLOYMENT_TARGET = 26.0; SDKROOT = iphoneos; }; name = Debug; };
		A80000000000000000000006 = {isa = XCBuildConfiguration; buildSettings = { CLANG_ENABLE_MODULES = YES; IPHONEOS_DEPLOYMENT_TARGET = 26.0; SDKROOT = iphoneos; }; name = Release; };
/* End XCBuildConfiguration section */

/* Begin XCConfigurationList section */
		A60000000000000000000001 = {isa = XCConfigurationList; buildConfigurations = (A80000000000000000000001, A80000000000000000000002, ); defaultConfigurationIsVisible = 0; defaultConfigurationName = Release; };
		A60000000000000000000002 = {isa = XCConfigurationList; buildConfigurations = (A80000000000000000000003, A80000000000000000000004, ); defaultConfigurationIsVisible = 0; defaultConfigurationName = Release; };
		A60000000000000000000003 = {isa = XCConfigurationList; buildConfigurations = (A80000000000000000000005, A80000000000000000000006, ); defaultConfigurationIsVisible = 0; defaultConfigurationName = Release; };
/* End XCConfigurationList section */
	};
	rootObject = A90000000000000000000001 /* Project object */;
}
