// !$*UTF8*$!
{
	archiveVersion = 1;
	classes = {};
	objectVersion = 56;
	objects = {

/* Begin PBXBuildFile section */
		A10000000000000000000001 /* OrbitVoiceApp.swift in Sources */ = {isa = PBXBuildFile; fileRef = A20000000000000000000001 /* OrbitVoiceApp.swift */; };
		A10000000000000000000002 /* KeychainStore.swift in Sources */ = {isa = PBXBuildFile; fileRef = A20000000000000000000002 /* KeychainStore.swift */; };
		A10000000000000000000003 /* OrbitVoiceSession.swift in Sources */ = {isa = PBXBuildFile; fileRef = A20000000000000000000003 /* OrbitVoiceSession.swift */; };
		A10000000000000000000004 /* SpeechInput.swift in Sources */ = {isa = PBXBuildFile; fileRef = A20000000000000000000004 /* SpeechInput.swift */; };
		A10000000000000000000005 /* Views.swift in Sources */ = {isa = PBXBuildFile; fileRef = A20000000000000000000005 /* Views.swift */; };
		A10000000000000000000006 /* Assets.xcassets in Resources */ = {isa = PBXBuildFile; fileRef = A20000000000000000000006 /* Assets.xcassets */; };
/* End PBXBuildFile section */

/* Begin PBXFileReference section */
		A20000000000000000000001 /* OrbitVoiceApp.swift */ = {isa = PBXFileReference; lastKnownFileType = sourcecode.swift; path = OrbitVoiceApp.swift; sourceTree = "<group>"; };
		A20000000000000000000002 /* KeychainStore.swift */ = {isa = PBXFileReference; lastKnownFileType = sourcecode.swift; path = KeychainStore.swift; sourceTree = "<group>"; };
		A20000000000000000000003 /* OrbitVoiceSession.swift */ = {isa = PBXFileReference; lastKnownFileType = sourcecode.swift; path = OrbitVoiceSession.swift; sourceTree = "<group>"; };
		A20000000000000000000004 /* SpeechInput.swift */ = {isa = PBXFileReference; lastKnownFileType = sourcecode.swift; path = SpeechInput.swift; sourceTree = "<group>"; };
		A20000000000000000000005 /* Views.swift */ = {isa = PBXFileReference; lastKnownFileType = sourcecode.swift; path = Views.swift; sourceTree = "<group>"; };
		A20000000000000000000006 /* Assets.xcassets */ = {isa = PBXFileReference; lastKnownFileType = folder.assetcatalog; path = Assets.xcassets; sourceTree = "<group>"; };
		A20000000000000000000007 /* Info.plist */ = {isa = PBXFileReference; lastKnownFileType = text.plist.xml; path = Info.plist; sourceTree = "<group>"; };
		A20000000000000000000008 /* OrbitVoice.entitlements */ = {isa = PBXFileReference; lastKnownFileType = text.plist.entitlements; path = OrbitVoice.entitlements; sourceTree = "<group>"; };
		A20000000000000000000009 /* Orbit Voice.app */ = {isa = PBXFileReference; explicitFileType = wrapper.application; includeInIndex = 0; path = "Orbit Voice.app"; sourceTree = BUILT_PRODUCTS_DIR; };
/* End PBXFileReference section */

/* Begin PBXFrameworksBuildPhase section */
		A30000000000000000000001 /* Frameworks */ = {isa = PBXFrameworksBuildPhase; buildActionMask = 2147483647; files = (); runOnlyForDeploymentPostprocessing = 0; };
/* End PBXFrameworksBuildPhase section */

/* Begin PBXGroup section */
		A40000000000000000000001 = {isa = PBXGroup; children = (A40000000000000000000002, A40000000000000000000003,); sourceTree = "<group>"; };
		A40000000000000000000002 /* OrbitVoice */ = {isa = PBXGroup; children = (A20000000000000000000001, A20000000000000000000002, A20000000000000000000003, A20000000000000000000004, A20000000000000000000005, A20000000000000000000006, A20000000000000000000007, A20000000000000000000008,); path = OrbitVoice; sourceTree = "<group>"; };
		A40000000000000000000003 /* Products */ = {isa = PBXGroup; children = (A20000000000000000000009,); name = Products; sourceTree = "<group>"; };
/* End PBXGroup section */

/* Begin PBXNativeTarget section */
		A50000000000000000000001 /* OrbitVoice */ = {isa = PBXNativeTarget; buildConfigurationList = A60000000000000000000001 /* Build configuration list for PBXNativeTarget "OrbitVoice" */; buildPhases = (A30000000000000000000002, A30000000000000000000001, A30000000000000000000003,); buildRules = (); dependencies = (); name = OrbitVoice; productName = "Orbit Voice"; productReference = A20000000000000000000009 /* Orbit Voice.app */; productType = "com.apple.product-type.application"; };
/* End PBXNativeTarget section */

/* Begin PBXProject section */
		A70000000000000000000001 /* Project object */ = {isa = PBXProject; attributes = { LastSwiftUpdateCheck = 2600; ORGANIZATIONNAME = Orbit; TargetAttributes = { A50000000000000000000001 = { CreatedOnToolsVersion = 26.0; }; }; }; buildConfigurationList = A60000000000000000000002 /* Build configuration list for PBXProject "OrbitVoice" */; compatibilityVersion = "Xcode 14.0"; developmentRegion = en; hasScannedForEncodings = 0; knownRegions = (en, uk,); mainGroup = A40000000000000000000001; productRefGroup = A40000000000000000000003 /* Products */; projectDirPath = ""; projectRoot = ""; targets = (A50000000000000000000001,); };
/* End PBXProject section */

/* Begin PBXResourcesBuildPhase section */
		A30000000000000000000002 /* Resources */ = {isa = PBXResourcesBuildPhase; buildActionMask = 2147483647; files = (A10000000000000000000006 /* Assets.xcassets in Resources */,); runOnlyForDeploymentPostprocessing = 0; };
/* End PBXResourcesBuildPhase section */

/* Begin PBXSourcesBuildPhase section */
		A30000000000000000000003 /* Sources */ = {isa = PBXSourcesBuildPhase; buildActionMask = 2147483647; files = (A10000000000000000000001 /* OrbitVoiceApp.swift in Sources */, A10000000000000000000002 /* KeychainStore.swift in Sources */, A10000000000000000000003 /* OrbitVoiceSession.swift in Sources */, A10000000000000000000004 /* SpeechInput.swift in Sources */, A10000000000000000000005 /* Views.swift in Sources */,); runOnlyForDeploymentPostprocessing = 0; };
/* End PBXSourcesBuildPhase section */

/* Begin XCBuildConfiguration section */
		A80000000000000000000001 /* Debug */ = {isa = XCBuildConfiguration; buildSettings = { ALWAYS_SEARCH_USER_PATHS = NO; CLANG_ENABLE_MODULES = YES; CODE_SIGNING_ALLOWED = NO; CODE_SIGNING_REQUIRED = NO; DEVELOPMENT_TEAM = ""; GENERATE_INFOPLIST_FILE = NO; INFOPLIST_FILE = OrbitVoice/Info.plist; IPHONEOS_DEPLOYMENT_TARGET = 18.0; PRODUCT_BUNDLE_IDENTIFIER = net.opik.orbit.voice.phase1; PRODUCT_NAME = "Orbit Voice"; SDKROOT = iphoneos; SUPPORTED_PLATFORMS = "iphoneos iphonesimulator"; SUPPORTS_MACCATALYST = NO; SWIFT_VERSION = 5.0; TARGETED_DEVICE_FAMILY = "1,2"; }; name = Debug; };
		A80000000000000000000002 /* Release */ = {isa = XCBuildConfiguration; buildSettings = { ALWAYS_SEARCH_USER_PATHS = NO; CLANG_ENABLE_MODULES = YES; CODE_SIGNING_ALLOWED = NO; CODE_SIGNING_REQUIRED = NO; DEVELOPMENT_TEAM = ""; GENERATE_INFOPLIST_FILE = NO; INFOPLIST_FILE = OrbitVoice/Info.plist; IPHONEOS_DEPLOYMENT_TARGET = 18.0; PRODUCT_BUNDLE_IDENTIFIER = net.opik.orbit.voice.phase1; PRODUCT_NAME = "Orbit Voice"; SDKROOT = iphoneos; SUPPORTED_PLATFORMS = "iphoneos iphonesimulator"; SUPPORTS_MACCATALYST = NO; SWIFT_VERSION = 5.0; TARGETED_DEVICE_FAMILY = "1,2"; }; name = Release; };
		A80000000000000000000003 /* Project Debug */ = {isa = XCBuildConfiguration; buildSettings = { ALWAYS_SEARCH_USER_PATHS = NO; CLANG_ENABLE_MODULES = YES; SWIFT_VERSION = 5.0; }; name = Debug; };
		A80000000000000000000004 /* Project Release */ = {isa = XCBuildConfiguration; buildSettings = { ALWAYS_SEARCH_USER_PATHS = NO; CLANG_ENABLE_MODULES = YES; SWIFT_VERSION = 5.0; }; name = Release; };
/* End XCBuildConfiguration section */

/* Begin XCConfigurationList section */
		A60000000000000000000001 /* Build configuration list for PBXNativeTarget "OrbitVoice" */ = {isa = XCConfigurationList; buildConfigurations = (A80000000000000000000001, A80000000000000000000002,); defaultConfigurationIsVisible = 0; defaultConfigurationName = Release; };
		A60000000000000000000002 /* Build configuration list for PBXProject "OrbitVoice" */ = {isa = XCConfigurationList; buildConfigurations = (A80000000000000000000003, A80000000000000000000004,); defaultConfigurationIsVisible = 0; defaultConfigurationName = Release; };
/* End XCConfigurationList section */
	};
	rootObject = A70000000000000000000001 /* Project object */;
}
