<?xml version="1.0" encoding="UTF-8"?>
<Scheme
   LastUpgradeVersion = "2600"
   version = "1.7">
   <BuildAction parallelizeBuildables = "YES" buildImplicitDependencies = "YES">
      <BuildActionEntries>
         <BuildActionEntry buildForTesting = "YES" buildForRunning = "YES" buildForProfiling = "YES" buildForArchiving = "YES" buildForAnalyzing = "YES">
            <BuildableReference BuildableIdentifier = "primary" BlueprintIdentifier = "A50000000000000000000001" BuildableName = "Orbit Voice.app" BlueprintName = "OrbitVoice" ReferencedContainer = "container:OrbitVoice.xcodeproj"/>
         </BuildActionEntry>
      </BuildActionEntries>
   </BuildAction>
   <TestAction buildConfiguration = "Debug"/>
   <LaunchAction buildConfiguration = "Debug" selectedDebuggerIdentifier = "Xcode.DebuggerFoundation.Debugger.LLDB" selectedLauncherIdentifier = "Xcode.DebuggerFoundation.Launcher.LLDB"/>
   <ProfileAction buildConfiguration = "Release" shouldUseLaunchSchemeArgsEnv = "YES"/>
   <AnalyzeAction buildConfiguration = "Debug"/>
   <ArchiveAction buildConfiguration = "Release" revealArchiveInOrganizer = "YES"/>
</Scheme>
